// !$*UTF8*$!
{
	archiveVersion = 1;
	classes = {
	};
	objectVersion = 55;
	objects = {

/* Begin PBXBuildFile section */
		3528374027EA564700EE68FC /* swype_bitcoinApp.swift in Sources */ = {isa = PBXBuildFile; fileRef = 3528373F27EA564700EE68FC /* swype_bitcoinApp.swift */; };
		3528374227EA564700EE68FC /* ContentView.swift in Sources */ = {isa = PBXBuildFile; fileRef = 3528374127EA564700EE68FC /* ContentView.swift */; };
		3528374427EA564800EE68FC /* Assets.xcassets in Resources */ = {isa = PBXBuildFile; fileRef = 3528374327EA564800EE68FC /* Assets.xcassets */; };
		3528374727EA564800EE68FC /* Preview Assets.xcassets in Resources */ = {isa = PBXBuildFile; fileRef = 3528374627EA564800EE68FC /* Preview Assets.xcassets */; };
		3528375227EA576800EE68FC /* CryptoSwift in Frameworks */ = {isa = PBXBuildFile; productRef = 3528375127EA576800EE68FC /* CryptoSwift */; };
		3546281A27EE3D01004389D6 /* secp256k1 in Frameworks */ = {isa = PBXBuildFile; productRef = 3546281927EE3D01004389D6 /* secp256k1 */; };
		35764CBE27EDA24A00074594 /* Bech32 in Frameworks */ = {isa = PBXBuildFile; productRef = 35764CBD27EDA24A00074594 /* Bech32 */; };
/* End PBXBuildFile section */

/* Begin PBXFileReference section */
		3528373C27EA564700EE68FC /* swype-bitcoin.app */ = {isa = PBXFileReference; explicitFileType = wrapper.application; includeInIndex = 0; path = "swype-bitcoin.app"; sourceTree = BUILT_PRODUCTS_DIR; };
		3528373F27EA564700EE68FC /* swype_bitcoinApp.swift */ = {isa = PBXFileReference; lastKnownFileType = sourcecode.swift; path = swype_bitcoinApp.swift; sourceTree = "<group>"; };
		3528374127EA564700EE68FC /* ContentView.swift */ = {isa = PBXFileReference; lastKnownFileType = sourcecode.swift; path = ContentView.swift; sourceTree = "<group>"; };
		3528374327EA564800EE68FC /* Assets.xcassets */ = {isa = PBXFileReference; lastKnownFileType = folder.assetcatalog; path = Assets.xcassets; sourceTree = "<group>"; };
		3528374627EA564800EE68FC /* Preview Assets.xcassets */ = {isa = PBXFileReference; lastKnownFileType = folder.assetcatalog; path = "Preview Assets.xcassets"; sourceTree = "<group>"; };
/* End PBXFileReference section */

/* Begin PBXFrameworksBuildPhase section */
		3528373927EA564700EE68FC /* Frameworks */ = {
			isa = PBXFrameworksBuildPhase;
			buildActionMask = 2147483647;
			files = (
				3546281A27EE3D01004389D6 /* secp256k1 in Frameworks */,
				35764CBE27EDA24A00074594 /* Bech32 in Frameworks */,
				3528375227EA576800EE68FC /* CryptoSwift in Frameworks */,
			);
			runOnlyForDeploymentPostprocessing = 0;
		};
/* End PBXFrameworksBuildPhase section */

/* Begin PBXGroup section */
		3528373327EA564700EE68FC = {
			isa = PBXGroup;
			children = (
				3528373E27EA564700EE68FC /* swype-bitcoin */,
				3528373D27EA564700EE68FC /* Products */,
			);
			sourceTree = "<group>";
		};
		3528373D27EA564700EE68FC /* Products */ = {
			isa = PBXGroup;
			children = (
				3528373C27EA564700EE68FC /* swype-bitcoin.app */,
			);
			name = Products;
			sourceTree = "<group>";
		};
		3528373E27EA564700EE68FC /* swype-bitcoin */ = {
			isa = PBXGroup;
			children = (
				3528373F27EA564700EE68FC /* swype_bitcoinApp.swift */,
				3528374127EA564700EE68FC /* ContentView.swift */,
				3528374327EA564800EE68FC /* Assets.xcassets */,
				3528374527EA564800EE68FC /* Preview Content */,
			);
			path = "swype-bitcoin";
			sourceTree = "<group>";
		};
		3528374527EA564800EE68FC /* Preview Content */ = {
			isa = PBXGroup;
			children = (
				3528374627EA564800EE68FC /* Preview Assets.xcassets */,
			);
			path = "Preview Content";
			sourceTree = "<group>";
		};
/* End PBXGroup section */

/* Begin PBXNativeTarget section */
		3528373B27EA564700EE68FC /* swype-bitcoin */ = {
			isa = PBXNativeTarget;
			buildConfigurationList = 3528374A27EA564800EE68FC /* Build configuration list for PBXNativeTarget "swype-bitcoin" */;
			buildPhases = (
				3528373827EA564700EE68FC /* Sources */,
				3528373927EA564700EE68FC /* Frameworks */,
				3528373A27EA564700EE68FC /* Resources */,
			);
			buildRules = (
			);
			dependencies = (
			);
			name = "swype-bitcoin";
			packageProductDependencies = (
				3528375127EA576800EE68FC /* CryptoSwift */,
				35764CBD27EDA24A00074594 /* Bech32 */,
				3546281927EE3D01004389D6 /* secp256k1 */,
			);
			productName = "swype-bitcoin";
			productReference = 3528373C27EA564700EE68FC /* swype-bitcoin.app */;
			productType = "com.apple.product-type.application";
		};
/* End PBXNativeTarget section */

/* Begin PBXProject section */
		3528373427EA564700EE68FC /* Project object */ = {
			isa = PBXProject;
			attributes = {
				BuildIndependentTargetsInParallel = 1;
				LastSwiftUpdateCheck = 1330;
				LastUpgradeCheck = 1330;
				TargetAttributes = {
					3528373B27EA564700EE68FC = {
						CreatedOnToolsVersion = 13.3;
					};
				};
			};
			buildConfigurationList = 3528373727EA564700EE68FC /* Build configuration list for PBXProject "swype-bitcoin" */;
			compatibilityVersion = "Xcode 13.0";
			developmentRegion = en;
			hasScannedForEncodings = 0;
			knownRegions = (
				en,
				Base,
			);
			mainGroup = 3528373327EA564700EE68FC;
			packageReferences = (
				3528375027EA576800EE68FC /* XCRemoteSwiftPackageReference "CryptoSwift" */,
				35764CBC27EDA24A00074594 /* XCRemoteSwiftPackageReference "Bech32" */,
				3546281827EE3D01004389D6 /* XCRemoteSwiftPackageReference "secp256k1" */,
			);
			productRefGroup = 3528373D27EA564700EE68FC /* Products */;
			projectDirPath = "";
			projectRoot = "";
			targets = (
				3528373B27EA564700EE68FC /* swype-bitcoin */,
			);
		};
/* End PBXProject section */

/* Begin PBXResourcesBuildPhase section */
		3528373A27EA564700EE68FC /* Resources */ = {
			isa = PBXResourcesBuildPhase;
			buildActionMask = 2147483647;
			files = (
				3528374727EA564800EE68FC /* Preview Assets.xcassets in Resources */,
				3528374427EA564800EE68FC /* Assets.xcassets in Resources */,
			);
			runOnlyForDeploymentPostprocessing = 0;
		};
/* End PBXResourcesBuildPhase section */

/* Begin PBXSourcesBuildPhase section */
		3528373827EA564700EE68FC /* Sources */ = {
			isa = PBXSourcesBuildPhase;
			buildActionMask = 2147483647;
			files = (
				3528374227EA564700EE68FC /* ContentView.swift in Sources */,
				3528374027EA564700EE68FC /* swype_bitcoinApp.swift in Sources */,
			);
			runOnlyForDeploymentPostprocessing = 0;
		};
/* End PBXSourcesBuildPhase section */

/* Begin XCBuildConfiguration section */
		3528374827EA564800EE68FC /* Debug */ = {
			isa = XCBuildConfiguration;
			buildSettings = {
				ALWAYS_SEARCH_USER_PATHS = NO;
				CLANG_ANALYZER_NONNULL = YES;
				CLANG_ANALYZER_NUMBER_OBJECT_CONVERSION = YES_AGGRESSIVE;
				CLANG_CXX_LANGUAGE_STANDARD = "gnu++17";
				CLANG_ENABLE_MODULES = YES;
				CLANG_ENABLE_OBJC_ARC = YES;
				CLANG_ENABLE_OBJC_WEAK = YES;
				CLANG_WARN_BLOCK_CAPTURE_AUTORELEASING = YES;
				CLANG_WARN_BOOL_CONVERSION = YES;
				CLANG_WARN_COMMA = YES;
				CLANG_WARN_CONSTANT_CONVERSION = YES;
				CLANG_WARN_DEPRECATED_OBJC_IMPLEMENTATIONS = YES;
				CLANG_WARN_DIRECT_OBJC_ISA_USAGE = YES_ERROR;
				CLANG_WARN_DOCUMENTATION_COMMENTS = YES;
				CLANG_WARN_EMPTY_BODY = YES;
				CLANG_WARN_ENUM_CONVERSION = YES;
				CLANG_WARN_INFINITE_RECURSION = YES;
				CLANG_WARN_INT_CONVERSION = YES;
				CLANG_WARN_NON_LITERAL_NULL_CONVERSION = YES;
				CLANG_WARN_OBJC_IMPLICIT_RETAIN_SELF = YES;
				CLANG_WARN_OBJC_LITERAL_CONVERSION = YES;
				CLANG_WARN_OBJC_ROOT_CLASS = YES_ERROR;
				CLANG_WARN_QUOTED_INCLUDE_IN_FRAMEWORK_HEADER = YES;
				CLANG_WARN_RANGE_LOOP_ANALYSIS = YES;
				CLANG_WARN_STRICT_PROTOTYPES = YES;
				CLANG_WARN_SUSPICIOUS_MOVE = YES;
				CLANG_WARN_UNGUARDED_AVAILABILITY = YES_AGGRESSIVE;
				CLANG_WARN_UNREACHABLE_CODE = YES;
				CLANG_WARN__DUPLICATE_METHOD_MATCH = YES;
				COPY_PHASE_STRIP = NO;
				DEBUG_INFORMATION_FORMAT = dwarf;
				ENABLE_STRICT_OBJC_MSGSEND = YES;
				ENABLE_TESTABILITY = YES;
				GCC_C_LANGUAGE_STANDARD = gnu11;
				GCC_DYNAMIC_NO_PIC = NO;
				GCC_NO_COMMON_BLOCKS = YES;
				GCC_OPTIMIZATION_LEVEL = 0;
				GCC_PREPROCESSOR_DEFINITIONS = (
					"DEBUG=1",
					"$(inherited)",
				);
				GCC_WARN_64_TO_32_BIT_CONVERSION = YES;
				GCC_WARN_ABOUT_RETURN_TYPE = YES_ERROR;
				GCC_WARN_UNDECLARED_SELECTOR = YES;
				GCC_WARN_UNINITIALIZED_AUTOS = YES_AGGRESSIVE;
				GCC_WARN_UNUSED_FUNCTION = YES;
				GCC_WARN_UNUSED_VARIABLE = YES;
				IPHONEOS_DEPLOYMENT_TARGET = 15.4;
				MTL_ENABLE_DEBUG_INFO = INCLUDE_SOURCE;
				MTL_FAST_MATH = YES;
				ONLY_ACTIVE_ARCH = YES;
				SDKROOT = iphoneos;
				SWIFT_ACTIVE_COMPILATION_CONDITIONS = DEBUG;
				SWIFT_OPTIMIZATION_LEVEL = "-Onone";
			};
			name = Debug;
		};
		3528374927EA564800EE68FC /* Release */ = {
			isa = XCBuildConfiguration;
			buildSettings = {
				ALWAYS_SEARCH_USER_PATHS = NO;
				CLANG_ANALYZER_NONNULL = YES;
				CLANG_ANALYZER_NUMBER_OBJECT_CONVERSION = YES_AGGRESSIVE;
				CLANG_CXX_LANGUAGE_STANDARD = "gnu++17";
				CLANG_ENABLE_MODULES = YES;
				CLANG_ENABLE_OBJC_ARC = YES;
				CLANG_ENABLE_OBJC_WEAK = YES;
				CLANG_WARN_BLOCK_CAPTURE_AUTORELEASING = YES;
				CLANG_WARN_BOOL_CONVERSION = YES;
				CLANG_WARN_COMMA = YES;
				CLANG_WARN_CONSTANT_CONVERSION = YES;
				CLANG_WARN_DEPRECATED_OBJC_IMPLEMENTATIONS = YES;
				CLANG_WARN_DIRECT_OBJC_ISA_USAGE = YES_ERROR;
				CLANG_WARN_DOCUMENTATION_COMMENTS = YES;
				CLANG_WARN_EMPTY_BODY = YES;
				CLANG_WARN_ENUM_CONVERSION = YES;
				CLANG_WARN_INFINITE_RECURSION = YES;
				CLANG_WARN_INT_CONVERSION = YES;
				CLANG_WARN_NON_LITERAL_NULL_CONVERSION = YES;
				CLANG_WARN_OBJC_IMPLICIT_RETAIN_SELF = YES;
				CLANG_WARN_OBJC_LITERAL_CONVERSION = YES;
				CLANG_WARN_OBJC_ROOT_CLASS = YES_ERROR;
				CLANG_WARN_QUOTED_INCLUDE_IN_FRAMEWORK_HEADER = YES;
				CLANG_WARN_RANGE_LOOP_ANALYSIS = YES;
				CLANG_WARN_STRICT_PROTOTYPES = YES;
				CLANG_WARN_SUSPICIOUS_MOVE = YES;
				CLANG_WARN_UNGUARDED_AVAILABILITY = YES_AGGRESSIVE;
				CLANG_WARN_UNREACHABLE_CODE = YES;
				CLANG_WARN__DUPLICATE_METHOD_MATCH = YES;
				COPY_PHASE_STRIP = NO;
				DEBUG_INFORMATION_FORMAT = "dwarf-with-dsym";
				ENABLE_NS_ASSERTIONS = NO;
				ENABLE_STRICT_OBJC_MSGSEND = YES;
				GCC_C_LANGUAGE_STANDARD = gnu11;
				GCC_NO_COMMON_BLOCKS = YES;
				GCC_WARN_64_TO_32_BIT_CONVERSION = YES;
				GCC_WARN_ABOUT_RETURN_TYPE = YES_ERROR;
				GCC_WARN_UNDECLARED_SELECTOR = YES;
				GCC_WARN_UNINITIALIZED_AUTOS = YES_AGGRESSIVE;
				GCC_WARN_UNUSED_FUNCTION = YES;
				GCC_WARN_UNUSED_VARIABLE = YES;
				IPHONEOS_DEPLOYMENT_TARGET = 15.4;
				MTL_ENABLE_DEBUG_INFO = NO;
				MTL_FAST_MATH = YES;
				SDKROOT = iphoneos;
				SWIFT_COMPILATION_MODE = wholemodule;
				SWIFT_OPTIMIZATION_LEVEL = "-O";
				VALIDATE_PRODUCT = YES;
			};
			name = Release;
		};
		3528374B27EA564800EE68FC /* Debug */ = {
			isa = XCBuildConfiguration;
			buildSettings = {
				ASSETCATALOG_COMPILER_APPICON_NAME = AppIcon;
				ASSETCATALOG_COMPILER_GLOBAL_ACCENT_COLOR_NAME = AccentColor;
				CODE_SIGN_STYLE = Automatic;
				CURRENT_PROJECT_VERSION = 1;
				DEVELOPMENT_ASSET_PATHS = "\"swype-bitcoin/Preview Content\"";
				DEVELOPMENT_TEAM = 374BN55PG4;
				ENABLE_PREVIEWS = YES;
				GENERATE_INFOPLIST_FILE = YES;
				INFOPLIST_KEY_UIApplicationSceneManifest_Generation = YES;
				INFOPLIST_KEY_UIApplicationSupportsIndirectInputEvents = YES;
				INFOPLIST_KEY_UILaunchScreen_Generation = YES;
				INFOPLIST_KEY_UISupportedInterfaceOrientations_iPad = "UIInterfaceOrientationPortrait UIInterfaceOrientationPortraitUpsideDown UIInterfaceOrientationLandscapeLeft UIInterfaceOrientationLandscapeRight";
				INFOPLIST_KEY_UISupportedInterfaceOrientations_iPhone = "UIInterfaceOrientationPortrait UIInterfaceOrientationLandscapeLeft UIInterfaceOrientationLandscapeRight";
				LD_RUNPATH_SEARCH_PATHS = (
					"$(inherited)",
					"@executable_path/Frameworks",
				);
				MARKETING_VERSION = 1.0;
				PRODUCT_BUNDLE_IDENTIFIER = "com.rajkhare.swype-bitcoin";
				PRODUCT_NAME = "$(TARGET_NAME)";
				SWIFT_EMIT_LOC_STRINGS = YES;
				SWIFT_VERSION = 5.0;
				TARGETED_DEVICE_FAMILY = "1,2";
			};
			name = Debug;
		};
		3528374C27EA564800EE68FC /* Release */ = {
			isa = XCBuildConfiguration;
			buildSettings = {
				ASSETCATALOG_COMPILER_APPICON_NAME = AppIcon;
				ASSETCATALOG_COMPILER_GLOBAL_ACCENT_COLOR_NAME = AccentColor;
				CODE_SIGN_STYLE = Automatic;
				CURRENT_PROJECT_VERSION = 1;
				DEVELOPMENT_ASSET_PATHS = "\"swype-bitcoin/Preview Content\"";
				DEVELOPMENT_TEAM = 374BN55PG4;
				ENABLE_PREVIEWS = YES;
				GENERATE_INFOPLIST_FILE = YES;
				INFOPLIST_KEY_UIApplicationSceneManifest_Generation = YES;
				INFOPLIST_KEY_UIApplicationSupportsIndirectInputEvents = YES;
				INFOPLIST_KEY_UILaunchScreen_Generation = YES;
				INFOPLIST_KEY_UISupportedInterfaceOrientations_iPad = "UIInterfaceOrientationPortrait UIInterfaceOrientationPortraitUpsideDown UIInterfaceOrientationLandscapeLeft UIInterfaceOrientationLandscapeRight";
				INFOPLIST_KEY_UISupportedInterfaceOrientations_iPhone = "UIInterfaceOrientationPortrait UIInterfaceOrientationLandscapeLeft UIInterfaceOrientationLandscapeRight";
				LD_RUNPATH_SEARCH_PATHS = (
					"$(inherited)",
					"@executable_path/Frameworks",
				);
				MARKETING_VERSION = 1.0;
				PRODUCT_BUNDLE_IDENTIFIER = "com.rajkhare.swype-bitcoin";
				PRODUCT_NAME = "$(TARGET_NAME)";
				SWIFT_EMIT_LOC_STRINGS = YES;
				SWIFT_VERSION = 5.0;
				TARGETED_DEVICE_FAMILY = "1,2";
			};
			name = Release;
		};
/* End XCBuildConfiguration section */

/* Begin XCConfigurationList section */
		3528373727EA564700EE68FC /* Build configuration list for PBXProject "swype-bitcoin" */ = {
			isa = XCConfigurationList;
			buildConfigurations = (
				3528374827EA564800EE68FC /* Debug */,
				3528374927EA564800EE68FC /* Release */,
			);
			defaultConfigurationIsVisible = 0;
			defaultConfigurationName = Release;
		};
		3528374A27EA564800EE68FC /* Build configuration list for PBXNativeTarget "swype-bitcoin" */ = {
			isa = XCConfigurationList;
			buildConfigurations = (
				3528374B27EA564800EE68FC /* Debug */,
				3528374C27EA564800EE68FC /* Release */,
			);
			defaultConfigurationIsVisible = 0;
			defaultConfigurationName = Release;
		};
/* End XCConfigurationList section */

/* Begin XCRemoteSwiftPackageReference section */
		3528375027EA576800EE68FC /* XCRemoteSwiftPackageReference "CryptoSwift" */ = {
			isa = XCRemoteSwiftPackageReference;
			repositoryURL = "https://github.com/krzyzanowskim/CryptoSwift";
			requirement = {
				kind = upToNextMajorVersion;
				minimumVersion = 1.0.0;
			};
		};
		3546281827EE3D01004389D6 /* XCRemoteSwiftPackageReference "secp256k1" */ = {
			isa = XCRemoteSwiftPackageReference;
			repositoryURL = "https://github.com/GigaBitcoin/secp256k1.swift";
			requirement = {
				kind = upToNextMajorVersion;
				minimumVersion = 0.5.0;
			};
		};
		35764CBC27EDA24A00074594 /* XCRemoteSwiftPackageReference "Bech32" */ = {
			isa = XCRemoteSwiftPackageReference;
			repositoryURL = "https://github.com/0xDEADP00L/Bech32";
			requirement = {
				kind = upToNextMajorVersion;
				minimumVersion = 1.0.0;
			};
		};
/* End XCRemoteSwiftPackageReference section */

/* Begin XCSwiftPackageProductDependency section */
		3528375127EA576800EE68FC /* CryptoSwift */ = {
			isa = XCSwiftPackageProductDependency;
			package = 3528375027EA576800EE68FC /* XCRemoteSwiftPackageReference "CryptoSwift" */;
			productName = CryptoSwift;
		};
		3546281927EE3D01004389D6 /* secp256k1 */ = {
			isa = XCSwiftPackageProductDependency;
			package = 3546281827EE3D01004389D6 /* XCRemoteSwiftPackageReference "secp256k1" */;
			productName = secp256k1;
		};
		35764CBD27EDA24A00074594 /* Bech32 */ = {
			isa = XCSwiftPackageProductDependency;
			package = 35764CBC27EDA24A00074594 /* XCRemoteSwiftPackageReference "Bech32" */;
			productName = Bech32;
		};
/* End XCSwiftPackageProductDependency section */
	};
	rootObject = 3528373427EA564700EE68FC /* Project object */;
}
